
Microsoft Visual Studio Solution File, Format Version 12.00
# Visual Studio 15
VisualStudioVersion = 15.0.28307.271
MinimumVisualStudioVersion = 10.0.40219.1
Project("{FAE04EC0-301F-11D3-BF4B-00C04F79EFBC}") = "pto_mvc", "pto_mvc\pto_mvc.csproj", "{6B07C87F-FF00-47C4-A21E-7BB66F8FF3C5}"
EndProject
Global
	GlobalSection(SolutionConfigurationPlatforms) = preSolution
		Debug|Any CPU = Debug|Any CPU
		Release|Any CPU = Release|Any CPU
	EndGlobalSection
	GlobalSection(ProjectConfigurationPlatforms) = postSolution
		{6B07C87F-FF00-47C4-A21E-7BB66F8FF3C5}.Debug|Any CPU.ActiveCfg = Debug|Any CPU
		{6B07C87F-FF00-47C4-A21E-7BB66F8FF3C5}.Debug|Any CPU.Build.0 = Debug|Any CPU
		{6B07C87F-FF00-47C4-A21E-7BB66F8FF3C5}.Release|Any CPU.ActiveCfg = Release|Any CPU
		{6B07C87F-FF00-47C4-A21E-7BB66F8FF3C5}.Release|Any CPU.Build.0 = Release|Any CPU
	EndGlobalSection
	GlobalSection(SolutionProperties) = preSolution
		HideSolutionNode = FALSE
	EndGlobalSection
	GlobalSection(ExtensibilityGlobals) = postSolution
		SolutionGuid = {6FF8E142-0B28-444F-BA3B-D90C7D883C45}
	EndGlobalSection
EndGlobal
